
Microsoft Visual Studio Solution File, Format Version 12.00
# Visual Studio Version 17
VisualStudioVersion = 17.2.32616.157
MinimumVisualStudioVersion = 10.0.40219.1
Project("{FAE04EC0-301F-11D3-BF4B-00C04F79EFBC}") = "WpfApp Zoo Manager", "WpfApp Zoo Manager\WpfApp Zoo Manager.csproj", "{728016D1-1830-46D6-8BD2-8E85749D44D4}"
EndProject
Global
	GlobalSection(SolutionConfigurationPlatforms) = preSolution
		Debug|Any CPU = Debug|Any CPU
		Release|Any CPU = Release|Any CPU
	EndGlobalSection
	GlobalSection(ProjectConfigurationPlatforms) = postSolution
		{728016D1-1830-46D6-8BD2-8E85749D44D4}.Debug|Any CPU.ActiveCfg = Debug|Any CPU
		{728016D1-1830-46D6-8BD2-8E85749D44D4}.Debug|Any CPU.Build.0 = Debug|Any CPU
		{728016D1-1830-46D6-8BD2-8E85749D44D4}.Release|Any CPU.ActiveCfg = Release|Any CPU
		{728016D1-1830-46D6-8BD2-8E85749D44D4}.Release|Any CPU.Build.0 = Release|Any CPU
	EndGlobalSection
	GlobalSection(SolutionProperties) = preSolution
		HideSolutionNode = FALSE
	EndGlobalSection
	GlobalSection(ExtensibilityGlobals) = postSolution
		SolutionGuid = {F39C6C1C-D774-4DC5-BD26-ED6389C7A6D3}
	EndGlobalSection
EndGlobal
